
Microsoft Visual Studio Solution File, Format Version 12.00
# Visual Studio Version 17
VisualStudioVersion = 17.9.34714.143
MinimumVisualStudioVersion = 10.0.40219.1
Project("{FAE04EC0-301F-11D3-BF4B-00C04F79EFBC}") = "RainfallApi", "RainfallApi\RainfallApi.csproj", "{16E060EB-22E3-42B3-8148-5E0BB8FB9116}"
EndProject
Global
	GlobalSection(SolutionConfigurationPlatforms) = preSolution
		Debug|Any CPU = Debug|Any CPU
		Release|Any CPU = Release|Any CPU
	EndGlobalSection
	GlobalSection(ProjectConfigurationPlatforms) = postSolution
		{16E060EB-22E3-42B3-8148-5E0BB8FB9116}.Debug|Any CPU.ActiveCfg = Debug|Any CPU
		{16E060EB-22E3-42B3-8148-5E0BB8FB9116}.Debug|Any CPU.Build.0 = Debug|Any CPU
		{16E060EB-22E3-42B3-8148-5E0BB8FB9116}.Release|Any CPU.ActiveCfg = Release|Any CPU
		{16E060EB-22E3-42B3-8148-5E0BB8FB9116}.Release|Any CPU.Build.0 = Release|Any CPU
	EndGlobalSection
	GlobalSection(SolutionProperties) = preSolution
		HideSolutionNode = FALSE
	EndGlobalSection
	GlobalSection(ExtensibilityGlobals) = postSolution
		SolutionGuid = {AD3BAE8E-5438-48A7-A5FD-C715E387B643}
	EndGlobalSection
EndGlobal
